
Microsoft Visual Studio Solution File, Format Version 12.00
# Visual Studio Version 16
VisualStudioVersion = 16.0.28803.452
MinimumVisualStudioVersion = 10.0.40219.1
Project("{8BC9CEB8-8B4A-11D0-8D11-00A0C91BC942}") = "CoE135_OGL", "CoE135_OGL\CoE135_OGL.vcxproj", "{54FE0358-BCCE-4637-9758-9FF0CD275813}"
EndProject
Global
	GlobalSection(SolutionConfigurationPlatforms) = preSolution
		Debug|x64 = Debug|x64
		Debug|x86 = Debug|x86
		Release|x64 = Release|x64
		Release|x86 = Release|x86
	EndGlobalSection
	GlobalSection(ProjectConfigurationPlatforms) = postSolution
		{54FE0358-BCCE-4637-9758-9FF0CD275813}.Debug|x64.ActiveCfg = Debug|x64
		{54FE0358-BCCE-4637-9758-9FF0CD275813}.Debug|x64.Build.0 = Debug|x64
		{54FE0358-BCCE-4637-9758-9FF0CD275813}.Debug|x86.ActiveCfg = Debug|Win32
		{54FE0358-BCCE-4637-9758-9FF0CD275813}.Debug|x86.Build.0 = Debug|Win32
		{54FE0358-BCCE-4637-9758-9FF0CD275813}.Release|x64.ActiveCfg = Release|x64
		{54FE0358-BCCE-4637-9758-9FF0CD275813}.Release|x64.Build.0 = Release|x64
		{54FE0358-BCCE-4637-9758-9FF0CD275813}.Release|x86.ActiveCfg = Release|Win32
		{54FE0358-BCCE-4637-9758-9FF0CD275813}.Release|x86.Build.0 = Release|Win32
	EndGlobalSection
	GlobalSection(SolutionProperties) = preSolution
		HideSolutionNode = FALSE
	EndGlobalSection
	GlobalSection(ExtensibilityGlobals) = postSolution
		SolutionGuid = {5CC07765-BD4D-4796-9321-A2F040CCA5FD}
	EndGlobalSection
EndGlobal
